
Microsoft Visual Studio Solution File, Format Version 12.00
# Visual Studio Version 17
VisualStudioVersion = 17.5.33502.453
MinimumVisualStudioVersion = 10.0.40219.1
Project("{FAE04EC0-301F-11D3-BF4B-00C04F79EFBC}") = "溫溼度感測器", "溫溼度感測器\溫溼度感測器.csproj", "{667B58E1-4373-4E0B-88E5-886162D47ED3}"
EndProject
Global
	GlobalSection(SolutionConfigurationPlatforms) = preSolution
		Debug|Any CPU = Debug|Any CPU
		Release|Any CPU = Release|Any CPU
	EndGlobalSection
	GlobalSection(ProjectConfigurationPlatforms) = postSolution
		{667B58E1-4373-4E0B-88E5-886162D47ED3}.Debug|Any CPU.ActiveCfg = Debug|Any CPU
		{667B58E1-4373-4E0B-88E5-886162D47ED3}.Debug|Any CPU.Build.0 = Debug|Any CPU
		{667B58E1-4373-4E0B-88E5-886162D47ED3}.Release|Any CPU.ActiveCfg = Release|Any CPU
		{667B58E1-4373-4E0B-88E5-886162D47ED3}.Release|Any CPU.Build.0 = Release|Any CPU
	EndGlobalSection
	GlobalSection(SolutionProperties) = preSolution
		HideSolutionNode = FALSE
	EndGlobalSection
	GlobalSection(ExtensibilityGlobals) = postSolution
		SolutionGuid = {70E94EF6-B197-4D86-AD76-430665857EC0}
	EndGlobalSection
EndGlobal
